version = 1
revision = 3
requires-python = ">=3.14"
resolution-markers = [
    "sys_platform == 'darwin'",
    "sys_platform == 'linux'",
]
supported-markers = [
    "sys_platform == 'darwin'",
    "sys_platform == 'linux'",
]

[[package]]
name = "gpumode-gemm-cutedsl"
version = "0.1.0"
source = { virtual = "." }
